Microsoft Visual Studio Solution File, Format Version 12.00
# Visual Studio Version 17
VisualStudioVersion = 17.5.2.0
MinimumVisualStudioVersion = 10.0.40219.1
Project("{FAE04EC0-301F-11D3-BF4B-00C04F79EFBC}") = "Catalog.Service", "Catalog.Service\Catalog.Service.csproj", "{62D7E8EE-94B1-0F74-A450-D7EE3164CED2}"
EndProject
Project("{FAE04EC0-301F-11D3-BF4B-00C04F79EFBC}") = "Discount.Service", "Discount.Service\Discount.Service.csproj", "{F5B23E4A-9EEB-176B-0BE8-54FE61660D5A}"
EndProject
Project("{FAE04EC0-301F-11D3-BF4B-00C04F79EFBC}") = "eShop.Contracts", "eShop.Contracts\eShop.Contracts.csproj", "{DFB70E63-0288-6EC8-302A-E0A05F66AE23}"
EndProject
Project("{FAE04EC0-301F-11D3-BF4B-00C04F79EFBC}") = "eShop.EventBus", "eShop.EventBus\eShop.EventBus.csproj", "{90A3DABF-0BAB-9768-BAB3-17380A2C4E8E}"
EndProject
Project("{FAE04EC0-301F-11D3-BF4B-00C04F79EFBC}") = "eShop.WebFrontend", "eShop.WebFrontend\eShop.WebFrontend.csproj", "{A82A1E65-3AED-CA92-82B3-507508D782BD}"
EndProject
Project("{FAE04EC0-301F-11D3-BF4B-00C04F79EFBC}") = "eShopWCFService", "eShopWCFService\eShopWCFService.csproj", "{0CF6819C-09A2-5C7B-BFDC-A979C79D65D8}"
EndProject
Project("{FAE04EC0-301F-11D3-BF4B-00C04F79EFBC}") = "eShopWinForms", "eShopWinForms\eShopWinForms.csproj", "{C7267B43-33FB-3564-1B1C-5ABB60446598}"
EndProject
Project("{FAE04EC0-301F-11D3-BF4B-00C04F79EFBC}") = "Stock.Worker", "Stock.Worker\Stock.Worker.csproj", "{3AEC876E-B8AF-7F04-FA0C-5B0ED70C8D0C}"
EndProject
Global
	GlobalSection(SolutionConfigurationPlatforms) = preSolution
		Debug|Any CPU = Debug|Any CPU
		Release|Any CPU = Release|Any CPU
	EndGlobalSection
	GlobalSection(ProjectConfigurationPlatforms) = postSolution
		{62D7E8EE-94B1-0F74-A450-D7EE3164CED2}.Debug|Any CPU.ActiveCfg = Debug|Any CPU
		{62D7E8EE-94B1-0F74-A450-D7EE3164CED2}.Debug|Any CPU.Build.0 = Debug|Any CPU
		{62D7E8EE-94B1-0F74-A450-D7EE3164CED2}.Release|Any CPU.ActiveCfg = Release|Any CPU
		{62D7E8EE-94B1-0F74-A450-D7EE3164CED2}.Release|Any CPU.Build.0 = Release|Any CPU
		{F5B23E4A-9EEB-176B-0BE8-54FE61660D5A}.Debug|Any CPU.ActiveCfg = Debug|Any CPU
		{F5B23E4A-9EEB-176B-0BE8-54FE61660D5A}.Debug|Any CPU.Build.0 = Debug|Any CPU
		{F5B23E4A-9EEB-176B-0BE8-54FE61660D5A}.Release|Any CPU.ActiveCfg = Release|Any CPU
		{F5B23E4A-9EEB-176B-0BE8-54FE61660D5A}.Release|Any CPU.Build.0 = Release|Any CPU
		{DFB70E63-0288-6EC8-302A-E0A05F66AE23}.Debug|Any CPU.ActiveCfg = Debug|Any CPU
		{DFB70E63-0288-6EC8-302A-E0A05F66AE23}.Debug|Any CPU.Build.0 = Debug|Any CPU
		{DFB70E63-0288-6EC8-302A-E0A05F66AE23}.Release|Any CPU.ActiveCfg = Release|Any CPU
		{DFB70E63-0288-6EC8-302A-E0A05F66AE23}.Release|Any CPU.Build.0 = Release|Any CPU
		{90A3DABF-0BAB-9768-BAB3-17380A2C4E8E}.Debug|Any CPU.ActiveCfg = Debug|Any CPU
		{90A3DABF-0BAB-9768-BAB3-17380A2C4E8E}.Debug|Any CPU.Build.0 = Debug|Any CPU
		{90A3DABF-0BAB-9768-BAB3-17380A2C4E8E}.Release|Any CPU.ActiveCfg = Release|Any CPU
		{90A3DABF-0BAB-9768-BAB3-17380A2C4E8E}.Release|Any CPU.Build.0 = Release|Any CPU
		{A82A1E65-3AED-CA92-82B3-507508D782BD}.Debug|Any CPU.ActiveCfg = Debug|Any CPU
		{A82A1E65-3AED-CA92-82B3-507508D782BD}.Debug|Any CPU.Build.0 = Debug|Any CPU
		{A82A1E65-3AED-CA92-82B3-507508D782BD}.Release|Any CPU.ActiveCfg = Release|Any CPU
		{A82A1E65-3AED-CA92-82B3-507508D782BD}.Release|Any CPU.Build.0 = Release|Any CPU
		{0CF6819C-09A2-5C7B-BFDC-A979C79D65D8}.Debug|Any CPU.ActiveCfg = Debug|Any CPU
		{0CF6819C-09A2-5C7B-BFDC-A979C79D65D8}.Debug|Any CPU.Build.0 = Debug|Any CPU
		{0CF6819C-09A2-5C7B-BFDC-A979C79D65D8}.Release|Any CPU.ActiveCfg = Release|Any CPU
		{0CF6819C-09A2-5C7B-BFDC-A979C79D65D8}.Release|Any CPU.Build.0 = Release|Any CPU
		{C7267B43-33FB-3564-1B1C-5ABB60446598}.Debug|Any CPU.ActiveCfg = Debug|Any CPU
		{C7267B43-33FB-3564-1B1C-5ABB60446598}.Debug|Any CPU.Build.0 = Debug|Any CPU
		{C7267B43-33FB-3564-1B1C-5ABB60446598}.Release|Any CPU.ActiveCfg = Release|Any CPU
		{C7267B43-33FB-3564-1B1C-5ABB60446598}.Release|Any CPU.Build.0 = Release|Any CPU
		{3AEC876E-B8AF-7F04-FA0C-5B0ED70C8D0C}.Debug|Any CPU.ActiveCfg = Debug|Any CPU
		{3AEC876E-B8AF-7F04-FA0C-5B0ED70C8D0C}.Debug|Any CPU.Build.0 = Debug|Any CPU
		{3AEC876E-B8AF-7F04-FA0C-5B0ED70C8D0C}.Release|Any CPU.ActiveCfg = Release|Any CPU
		{3AEC876E-B8AF-7F04-FA0C-5B0ED70C8D0C}.Release|Any CPU.Build.0 = Release|Any CPU
	EndGlobalSection
	GlobalSection(SolutionProperties) = preSolution
		HideSolutionNode = FALSE
	EndGlobalSection
	GlobalSection(ExtensibilityGlobals) = postSolution
		SolutionGuid = {CAD0A5B7-9603-42F6-9D4B-5E8378D49E26}
	EndGlobalSection
EndGlobal
